
Microsoft Visual Studio Solution File, Format Version 12.00
# Visual Studio Version 16
VisualStudioVersion = 16.0.31424.327
MinimumVisualStudioVersion = 10.0.40219.1
Project("{FAE04EC0-301F-11D3-BF4B-00C04F79EFBC}") = "ProjectOne", "ProjectOne.csproj", "{6C8DD201-4347-4CC2-8DF5-F6AF7E343B11}"
EndProject
Global
	GlobalSection(SolutionConfigurationPlatforms) = preSolution
		Debug|Any CPU = Debug|Any CPU
		Release|Any CPU = Release|Any CPU
	EndGlobalSection
	GlobalSection(ProjectConfigurationPlatforms) = postSolution
		{6C8DD201-4347-4CC2-8DF5-F6AF7E343B11}.Debug|Any CPU.ActiveCfg = Debug|Any CPU
		{6C8DD201-4347-4CC2-8DF5-F6AF7E343B11}.Debug|Any CPU.Build.0 = Debug|Any CPU
		{6C8DD201-4347-4CC2-8DF5-F6AF7E343B11}.Release|Any CPU.ActiveCfg = Release|Any CPU
		{6C8DD201-4347-4CC2-8DF5-F6AF7E343B11}.Release|Any CPU.Build.0 = Release|Any CPU
	EndGlobalSection
	GlobalSection(SolutionProperties) = preSolution
		HideSolutionNode = FALSE
	EndGlobalSection
	GlobalSection(ExtensibilityGlobals) = postSolution
		SolutionGuid = {2D719D87-0DDF-4798-A81A-FD1251F7A2EC}
	EndGlobalSection
EndGlobal
