
Microsoft Visual Studio Solution File, Format Version 12.00
# Visual Studio Version 16
VisualStudioVersion = 16.0.31424.327
MinimumVisualStudioVersion = 10.0.40219.1
Project("{FAE04EC0-301F-11D3-BF4B-00C04F79EFBC}") = "Three_Webbase_Appliction", "Three_Webbase_Appliction.csproj", "{006812B0-D115-4B7F-B6F9-A235A9D9E642}"
EndProject
Global
	GlobalSection(SolutionConfigurationPlatforms) = preSolution
		Debug|Any CPU = Debug|Any CPU
		Release|Any CPU = Release|Any CPU
	EndGlobalSection
	GlobalSection(ProjectConfigurationPlatforms) = postSolution
		{006812B0-D115-4B7F-B6F9-A235A9D9E642}.Debug|Any CPU.ActiveCfg = Debug|Any CPU
		{006812B0-D115-4B7F-B6F9-A235A9D9E642}.Debug|Any CPU.Build.0 = Debug|Any CPU
		{006812B0-D115-4B7F-B6F9-A235A9D9E642}.Release|Any CPU.ActiveCfg = Release|Any CPU
		{006812B0-D115-4B7F-B6F9-A235A9D9E642}.Release|Any CPU.Build.0 = Release|Any CPU
	EndGlobalSection
	GlobalSection(SolutionProperties) = preSolution
		HideSolutionNode = FALSE
	EndGlobalSection
	GlobalSection(ExtensibilityGlobals) = postSolution
		SolutionGuid = {0B48A9F0-10D0-445A-A8D6-BB1AECCB215A}
	EndGlobalSection
EndGlobal
