
Microsoft Visual Studio Solution File, Format Version 12.00
# Visual Studio Version 16
VisualStudioVersion = 16.0.31424.327
MinimumVisualStudioVersion = 10.0.40219.1
Project("{FAE04EC0-301F-11D3-BF4B-00C04F79EFBC}") = "Assiment_7_WebApp_base", "Assiment_7_WebApp_base.csproj", "{851CBA76-DD2A-468C-B294-2AEC02F14B97}"
EndProject
Global
	GlobalSection(SolutionConfigurationPlatforms) = preSolution
		Debug|Any CPU = Debug|Any CPU
		Release|Any CPU = Release|Any CPU
	EndGlobalSection
	GlobalSection(ProjectConfigurationPlatforms) = postSolution
		{851CBA76-DD2A-468C-B294-2AEC02F14B97}.Debug|Any CPU.ActiveCfg = Debug|Any CPU
		{851CBA76-DD2A-468C-B294-2AEC02F14B97}.Debug|Any CPU.Build.0 = Debug|Any CPU
		{851CBA76-DD2A-468C-B294-2AEC02F14B97}.Release|Any CPU.ActiveCfg = Release|Any CPU
		{851CBA76-DD2A-468C-B294-2AEC02F14B97}.Release|Any CPU.Build.0 = Release|Any CPU
	EndGlobalSection
	GlobalSection(SolutionProperties) = preSolution
		HideSolutionNode = FALSE
	EndGlobalSection
	GlobalSection(ExtensibilityGlobals) = postSolution
		SolutionGuid = {A2D8610D-BBB9-4D43-82EF-83E7A58D2316}
	EndGlobalSection
EndGlobal
